
Microsoft Visual Studio Solution File, Format Version 11.00
# Visual Studio 2010
Project("{FAE04EC0-301F-11D3-BF4B-00C04F79EFBC}") = "Scalejs.Extension", "Scalejs.Extension\Scalejs.Extension.csproj", "{CBB3D24D-A50D-45B2-9F11-0907BF96DF42}"
EndProject
Project("{FAE04EC0-301F-11D3-BF4B-00C04F79EFBC}") = "Scalejs.Application.MVVM", "Scalejs.Application.MVVM\Scalejs.Application.MVVM.csproj", "{D807A884-E479-4531-A637-FA84AC2827E1}"
EndProject
Project("{2150E333-8FDC-42A3-9474-1A3956D46DE8}") = "Solution Items", "Solution Items", "{7164E307-F322-4DF1-AE84-1F312AF328AF}"
	ProjectSection(SolutionItems) = preProject
		JSLintOptions.xml = JSLintOptions.xml
	EndProjectSection
EndProject
Project("{FAE04EC0-301F-11D3-BF4B-00C04F79EFBC}") = "Scalejs.Application.Minimal", "Scalejs.Application.Minimal\Scalejs.Application.Minimal.csproj", "{D27642A1-C2E3-4B6E-9451-3978E91F9865}"
EndProject
Project("{FAE04EC0-301F-11D3-BF4B-00C04F79EFBC}") = "Scalejs.Module.MVVM", "Scalejs.Module.MVVM\Scalejs.Module.MVVM.csproj", "{1D00823B-90D2-4932-A0A0-29E6CFC18728}"
EndProject
Project("{FAE04EC0-301F-11D3-BF4B-00C04F79EFBC}") = "ScaleJS.VS2010", "ScaleJS.VS2010\ScaleJS.VS2010.csproj", "{EAED0680-7FEE-47CA-89A0-0FF58E61F1BA}"
EndProject
Global
	GlobalSection(JSLint) = preSolution
		SolutionConfigurationLocation = JSLintOptions.xml
	EndGlobalSection
	GlobalSection(SolutionConfigurationPlatforms) = preSolution
		Debug|Any CPU = Debug|Any CPU
		Release|Any CPU = Release|Any CPU
	EndGlobalSection
	GlobalSection(ProjectConfigurationPlatforms) = postSolution
		{CBB3D24D-A50D-45B2-9F11-0907BF96DF42}.Debug|Any CPU.ActiveCfg = Debug|Any CPU
		{CBB3D24D-A50D-45B2-9F11-0907BF96DF42}.Debug|Any CPU.Build.0 = Debug|Any CPU
		{CBB3D24D-A50D-45B2-9F11-0907BF96DF42}.Release|Any CPU.ActiveCfg = Release|Any CPU
		{CBB3D24D-A50D-45B2-9F11-0907BF96DF42}.Release|Any CPU.Build.0 = Release|Any CPU
		{D807A884-E479-4531-A637-FA84AC2827E1}.Debug|Any CPU.ActiveCfg = Debug|Any CPU
		{D807A884-E479-4531-A637-FA84AC2827E1}.Debug|Any CPU.Build.0 = Debug|Any CPU
		{D807A884-E479-4531-A637-FA84AC2827E1}.Release|Any CPU.ActiveCfg = Release|Any CPU
		{D807A884-E479-4531-A637-FA84AC2827E1}.Release|Any CPU.Build.0 = Release|Any CPU
		{D27642A1-C2E3-4B6E-9451-3978E91F9865}.Debug|Any CPU.ActiveCfg = Debug|Any CPU
		{D27642A1-C2E3-4B6E-9451-3978E91F9865}.Debug|Any CPU.Build.0 = Debug|Any CPU
		{D27642A1-C2E3-4B6E-9451-3978E91F9865}.Release|Any CPU.ActiveCfg = Release|Any CPU
		{D27642A1-C2E3-4B6E-9451-3978E91F9865}.Release|Any CPU.Build.0 = Release|Any CPU
		{1D00823B-90D2-4932-A0A0-29E6CFC18728}.Debug|Any CPU.ActiveCfg = Debug|Any CPU
		{1D00823B-90D2-4932-A0A0-29E6CFC18728}.Debug|Any CPU.Build.0 = Debug|Any CPU
		{1D00823B-90D2-4932-A0A0-29E6CFC18728}.Release|Any CPU.ActiveCfg = Release|Any CPU
		{1D00823B-90D2-4932-A0A0-29E6CFC18728}.Release|Any CPU.Build.0 = Release|Any CPU
		{EAED0680-7FEE-47CA-89A0-0FF58E61F1BA}.Debug|Any CPU.ActiveCfg = Debug|Any CPU
		{EAED0680-7FEE-47CA-89A0-0FF58E61F1BA}.Debug|Any CPU.Build.0 = Debug|Any CPU
		{EAED0680-7FEE-47CA-89A0-0FF58E61F1BA}.Release|Any CPU.ActiveCfg = Release|Any CPU
		{EAED0680-7FEE-47CA-89A0-0FF58E61F1BA}.Release|Any CPU.Build.0 = Release|Any CPU
	EndGlobalSection
	GlobalSection(SolutionProperties) = preSolution
		HideSolutionNode = FALSE
	EndGlobalSection
EndGlobal
